
Microsoft Visual Studio Solution File, Format Version 12.00
# Visual Studio Version 16
VisualStudioVersion = 16.0.30611.23
MinimumVisualStudioVersion = 10.0.40219.1
Project("{FAE04EC0-301F-11D3-BF4B-00C04F79EFBC}") = "WebAPI", "WebAPI\WebAPI.csproj", "{98958497-255A-46B5-92CA-4144BC9CFA5D}"
EndProject
Global
	GlobalSection(SolutionConfigurationPlatforms) = preSolution
		Debug|Any CPU = Debug|Any CPU
		Release|Any CPU = Release|Any CPU
	EndGlobalSection
	GlobalSection(ProjectConfigurationPlatforms) = postSolution
		{98958497-255A-46B5-92CA-4144BC9CFA5D}.Debug|Any CPU.ActiveCfg = Debug|Any CPU
		{98958497-255A-46B5-92CA-4144BC9CFA5D}.Debug|Any CPU.Build.0 = Debug|Any CPU
		{98958497-255A-46B5-92CA-4144BC9CFA5D}.Release|Any CPU.ActiveCfg = Release|Any CPU
		{98958497-255A-46B5-92CA-4144BC9CFA5D}.Release|Any CPU.Build.0 = Release|Any CPU
	EndGlobalSection
	GlobalSection(SolutionProperties) = preSolution
		HideSolutionNode = FALSE
	EndGlobalSection
	GlobalSection(ExtensibilityGlobals) = postSolution
		SolutionGuid = {C9322B10-C5D3-4AB3-9129-959B2F154000}
	EndGlobalSection
EndGlobal
